
Microsoft Visual Studio Solution File, Format Version 12.00
# Visual Studio Version 18
VisualStudioVersion = 18.7.11903.348
MinimumVisualStudioVersion = 10.0.40219.1
Project("{FAE04EC0-301F-11D3-BF4B-00C04F79EFBC}") = "ExoS1", "ExoS1\ExoS1.csproj", "{BBDAE500-6493-4402-84AF-97F823C05D4D}"
EndProject
Project("{FAE04EC0-301F-11D3-BF4B-00C04F79EFBC}") = "ExoS1-2", "ExoS1-2\ExoS1-2.csproj", "{7F479C1D-FAE1-4999-9406-11D2F6355050}"
EndProject
Project("{FAE04EC0-301F-11D3-BF4B-00C04F79EFBC}") = "Bataille navale", "Bataille navale\Bataille navale.csproj", "{6936FAB6-1685-4B1D-827F-53CDBAF3CEFD}"
EndProject
Project("{FAE04EC0-301F-11D3-BF4B-00C04F79EFBC}") = "ExoRecap", "ExoRecap\ExoRecap.csproj", "{A5133D55-7EB9-4403-9918-A04951FC7955}"
EndProject
Project("{FAE04EC0-301F-11D3-BF4B-00C04F79EFBC}") = "OOP", "OOP\OOP.csproj", "{ACC99F9E-C316-4ED7-8BF5-99BD512227FC}"
EndProject
Project("{FAE04EC0-301F-11D3-BF4B-00C04F79EFBC}") = "MyLibrary", "MyLibrary\MyLibrary.csproj", "{85C46EC7-4B77-468D-BF70-E916E89CBEBD}"
EndProject
Global
	GlobalSection(SolutionConfigurationPlatforms) = preSolution
		Debug|Any CPU = Debug|Any CPU
		Release|Any CPU = Release|Any CPU
	EndGlobalSection
	GlobalSection(ProjectConfigurationPlatforms) = postSolution
		{BBDAE500-6493-4402-84AF-97F823C05D4D}.Debug|Any CPU.ActiveCfg = Debug|Any CPU
		{BBDAE500-6493-4402-84AF-97F823C05D4D}.Debug|Any CPU.Build.0 = Debug|Any CPU
		{BBDAE500-6493-4402-84AF-97F823C05D4D}.Release|Any CPU.ActiveCfg = Release|Any CPU
		{BBDAE500-6493-4402-84AF-97F823C05D4D}.Release|Any CPU.Build.0 = Release|Any CPU
		{7F479C1D-FAE1-4999-9406-11D2F6355050}.Debug|Any CPU.ActiveCfg = Debug|Any CPU
		{7F479C1D-FAE1-4999-9406-11D2F6355050}.Debug|Any CPU.Build.0 = Debug|Any CPU
		{7F479C1D-FAE1-4999-9406-11D2F6355050}.Release|Any CPU.ActiveCfg = Release|Any CPU
		{7F479C1D-FAE1-4999-9406-11D2F6355050}.Release|Any CPU.Build.0 = Release|Any CPU
		{6936FAB6-1685-4B1D-827F-53CDBAF3CEFD}.Debug|Any CPU.ActiveCfg = Debug|Any CPU
		{6936FAB6-1685-4B1D-827F-53CDBAF3CEFD}.Debug|Any CPU.Build.0 = Debug|Any CPU
		{6936FAB6-1685-4B1D-827F-53CDBAF3CEFD}.Release|Any CPU.ActiveCfg = Release|Any CPU
		{6936FAB6-1685-4B1D-827F-53CDBAF3CEFD}.Release|Any CPU.Build.0 = Release|Any CPU
		{A5133D55-7EB9-4403-9918-A04951FC7955}.Debug|Any CPU.ActiveCfg = Debug|Any CPU
		{A5133D55-7EB9-4403-9918-A04951FC7955}.Debug|Any CPU.Build.0 = Debug|Any CPU
		{A5133D55-7EB9-4403-9918-A04951FC7955}.Release|Any CPU.ActiveCfg = Release|Any CPU
		{A5133D55-7EB9-4403-9918-A04951FC7955}.Release|Any CPU.Build.0 = Release|Any CPU
		{ACC99F9E-C316-4ED7-8BF5-99BD512227FC}.Debug|Any CPU.ActiveCfg = Debug|Any CPU
		{ACC99F9E-C316-4ED7-8BF5-99BD512227FC}.Debug|Any CPU.Build.0 = Debug|Any CPU
		{ACC99F9E-C316-4ED7-8BF5-99BD512227FC}.Release|Any CPU.ActiveCfg = Release|Any CPU
		{ACC99F9E-C316-4ED7-8BF5-99BD512227FC}.Release|Any CPU.Build.0 = Release|Any CPU
		{85C46EC7-4B77-468D-BF70-E916E89CBEBD}.Debug|Any CPU.ActiveCfg = Debug|Any CPU
		{85C46EC7-4B77-468D-BF70-E916E89CBEBD}.Debug|Any CPU.Build.0 = Debug|Any CPU
		{85C46EC7-4B77-468D-BF70-E916E89CBEBD}.Release|Any CPU.ActiveCfg = Release|Any CPU
		{85C46EC7-4B77-468D-BF70-E916E89CBEBD}.Release|Any CPU.Build.0 = Release|Any CPU
	EndGlobalSection
	GlobalSection(SolutionProperties) = preSolution
		HideSolutionNode = FALSE
	EndGlobalSection
	GlobalSection(ExtensibilityGlobals) = postSolution
		SolutionGuid = {F4D52974-C04B-4401-8AF4-5664D6954F2E}
	EndGlobalSection
EndGlobal
